
Microsoft Visual Studio Solution File, Format Version 12.00
# Visual Studio Version 16
VisualStudioVersion = 16.0.30907.101
MinimumVisualStudioVersion = 10.0.40219.1
Project("{9A19103F-16F7-4668-BE54-9A1E7A4F7556}") = "PrepareForEGE_MishaPolykovsky", "PrepareForEGE_MishaPolykovsky.csproj", "{077D1BC0-DA0A-4B10-875B-BB13F70A51E7}"
EndProject
Global
	GlobalSection(SolutionConfigurationPlatforms) = preSolution
		Debug|Any CPU = Debug|Any CPU
		Release|Any CPU = Release|Any CPU
	EndGlobalSection
	GlobalSection(ProjectConfigurationPlatforms) = postSolution
		{077D1BC0-DA0A-4B10-875B-BB13F70A51E7}.Debug|Any CPU.ActiveCfg = Debug|Any CPU
		{077D1BC0-DA0A-4B10-875B-BB13F70A51E7}.Debug|Any CPU.Build.0 = Debug|Any CPU
		{077D1BC0-DA0A-4B10-875B-BB13F70A51E7}.Release|Any CPU.ActiveCfg = Release|Any CPU
		{077D1BC0-DA0A-4B10-875B-BB13F70A51E7}.Release|Any CPU.Build.0 = Release|Any CPU
	EndGlobalSection
	GlobalSection(SolutionProperties) = preSolution
		HideSolutionNode = FALSE
	EndGlobalSection
	GlobalSection(ExtensibilityGlobals) = postSolution
		SolutionGuid = {3E609185-C004-497F-B44D-29FB1EF8A592}
	EndGlobalSection
EndGlobal
